
Microsoft Visual Studio Solution File, Format Version 12.00
# Visual Studio Version 17
VisualStudioVersion = 17.5.002.0
MinimumVisualStudioVersion = 10.0.40219.1
Project("{9A19103F-16F7-4668-BE54-9A1E7A4F7556}") = "backend", "backend\backend.csproj", "{54067DBA-7AEF-426D-8D95-F7A04966F6A9}"
EndProject
Global
	GlobalSection(SolutionConfigurationPlatforms) = preSolution
		Debug|Any CPU = Debug|Any CPU
		local|Any CPU = local|Any CPU
		Release|Any CPU = Release|Any CPU
	EndGlobalSection
	GlobalSection(ProjectConfigurationPlatforms) = postSolution
		{54067DBA-7AEF-426D-8D95-F7A04966F6A9}.Debug|Any CPU.ActiveCfg = Debug|Any CPU
		{54067DBA-7AEF-426D-8D95-F7A04966F6A9}.Debug|Any CPU.Build.0 = Debug|Any CPU
		{54067DBA-7AEF-426D-8D95-F7A04966F6A9}.local|Any CPU.ActiveCfg = local|Any CPU
		{54067DBA-7AEF-426D-8D95-F7A04966F6A9}.local|Any CPU.Build.0 = local|Any CPU
		{54067DBA-7AEF-426D-8D95-F7A04966F6A9}.Release|Any CPU.ActiveCfg = Release|Any CPU
		{54067DBA-7AEF-426D-8D95-F7A04966F6A9}.Release|Any CPU.Build.0 = Release|Any CPU
	EndGlobalSection
	GlobalSection(SolutionProperties) = preSolution
		HideSolutionNode = FALSE
	EndGlobalSection
	GlobalSection(ExtensibilityGlobals) = postSolution
		SolutionGuid = {565C8816-419F-4525-93B7-6E00AB363CFE}
	EndGlobalSection
EndGlobal
